
Microsoft Visual Studio Solution File, Format Version 12.00
# Visual Studio Version 17
VisualStudioVersion = 17.13.35931.197
MinimumVisualStudioVersion = 10.0.40219.1
Project("{FAE04EC0-301F-11D3-BF4B-00C04F79EFBC}") = "Northwind.Server", "Northwind.Server\Northwind.Server.csproj", "{097E541A-32EC-ACAD-9934-FA16AC724D38}"
EndProject
Project("{FAE04EC0-301F-11D3-BF4B-00C04F79EFBC}") = "Northwind.Client", "Northwind.Client\Northwind.Client.csproj", "{4F1BF699-14E7-4134-805D-D1CD5B776405}"
EndProject
Global
	GlobalSection(SolutionConfigurationPlatforms) = preSolution
		Debug|Any CPU = Debug|Any CPU
		Debug|x64 = Debug|x64
		Debug|x86 = Debug|x86
		Release|Any CPU = Release|Any CPU
		Release|x64 = Release|x64
		Release|x86 = Release|x86
	EndGlobalSection
	GlobalSection(ProjectConfigurationPlatforms) = postSolution
		{097E541A-32EC-ACAD-9934-FA16AC724D38}.Debug|Any CPU.ActiveCfg = Debug|Any CPU
		{097E541A-32EC-ACAD-9934-FA16AC724D38}.Debug|Any CPU.Build.0 = Debug|Any CPU
		{097E541A-32EC-ACAD-9934-FA16AC724D38}.Debug|x64.ActiveCfg = Debug|Any CPU
		{097E541A-32EC-ACAD-9934-FA16AC724D38}.Debug|x64.Build.0 = Debug|Any CPU
		{097E541A-32EC-ACAD-9934-FA16AC724D38}.Debug|x86.ActiveCfg = Debug|Any CPU
		{097E541A-32EC-ACAD-9934-FA16AC724D38}.Debug|x86.Build.0 = Debug|Any CPU
		{097E541A-32EC-ACAD-9934-FA16AC724D38}.Release|Any CPU.ActiveCfg = Release|Any CPU
		{097E541A-32EC-ACAD-9934-FA16AC724D38}.Release|Any CPU.Build.0 = Release|Any CPU
		{097E541A-32EC-ACAD-9934-FA16AC724D38}.Release|x64.ActiveCfg = Release|Any CPU
		{097E541A-32EC-ACAD-9934-FA16AC724D38}.Release|x64.Build.0 = Release|Any CPU
		{097E541A-32EC-ACAD-9934-FA16AC724D38}.Release|x86.ActiveCfg = Release|Any CPU
		{097E541A-32EC-ACAD-9934-FA16AC724D38}.Release|x86.Build.0 = Release|Any CPU
		{4F1BF699-14E7-4134-805D-D1CD5B776405}.Debug|Any CPU.ActiveCfg = Debug|Any CPU
		{4F1BF699-14E7-4134-805D-D1CD5B776405}.Debug|Any CPU.Build.0 = Debug|Any CPU
		{4F1BF699-14E7-4134-805D-D1CD5B776405}.Debug|x64.ActiveCfg = Debug|Any CPU
		{4F1BF699-14E7-4134-805D-D1CD5B776405}.Debug|x64.Build.0 = Debug|Any CPU
		{4F1BF699-14E7-4134-805D-D1CD5B776405}.Debug|x86.ActiveCfg = Debug|Any CPU
		{4F1BF699-14E7-4134-805D-D1CD5B776405}.Debug|x86.Build.0 = Debug|Any CPU
		{4F1BF699-14E7-4134-805D-D1CD5B776405}.Release|Any CPU.ActiveCfg = Release|Any CPU
		{4F1BF699-14E7-4134-805D-D1CD5B776405}.Release|Any CPU.Build.0 = Release|Any CPU
		{4F1BF699-14E7-4134-805D-D1CD5B776405}.Release|x64.ActiveCfg = Release|Any CPU
		{4F1BF699-14E7-4134-805D-D1CD5B776405}.Release|x64.Build.0 = Release|Any CPU
		{4F1BF699-14E7-4134-805D-D1CD5B776405}.Release|x86.ActiveCfg = Release|Any CPU
		{4F1BF699-14E7-4134-805D-D1CD5B776405}.Release|x86.Build.0 = Release|Any CPU
	EndGlobalSection
	GlobalSection(SolutionProperties) = preSolution
		HideSolutionNode = FALSE
	EndGlobalSection
	GlobalSection(ExtensibilityGlobals) = postSolution
		SolutionGuid = {3C19A328-7E44-4239-AF8D-263517F662EF}
	EndGlobalSection
EndGlobal
